<?xml version="1.0" encoding="utf-8"?>
<Project ToolsVersion="4.0" xmlns="http://schemas.microsoft.com/developer/msbuild/2003">
  <ItemGroup>
    <ClCompile Include="src\ofApp.cpp">
      <Filter>src</Filter>
    </ClCompile>
    <ClCompile Include="src\main.cpp">
      <Filter>src</Filter>
    </ClCompile>
    <ClCompile Include="..\src\ofxRSSDK.cpp">
      <Filter>addons\ofxRSSDK</Filter>
    </ClCompile>
  </ItemGroup>
  <ItemGroup>
    <Filter Include="src">
      <UniqueIdentifier>{d8376475-7454-4a24-b08a-aac121d3ad6f}</UniqueIdentifier>
    </Filter>
    <Filter Include="addons">
      <UniqueIdentifier>{048f85d4-9307-494a-b04c-ce6e860aaa7d}</UniqueIdentifier>
    </Filter>
    <Filter Include="addons\ofxRSSDK">
      <UniqueIdentifier>{627c09b8-726f-482e-80af-2328c6020458}</UniqueIdentifier>
    </Filter>
  </ItemGroup>
  <ItemGroup>
    <ClInclude Include="src\ofApp.h">
      <Filter>src</Filter>
    </ClInclude>
    <ClInclude Include="..\src\ofxBase3DVideo.h">
      <Filter>addons\ofxRSSDK</Filter>
    </ClInclude>
    <ClInclude Include="..\src\ofxRSSDK.h">
      <Filter>addons\ofxRSSDK</Filter>
    </ClInclude>
  </ItemGroup>
  <ItemGroup>
    <ResourceCompile Include="icon.rc" />
  </ItemGroup>
</Project>